// !$*UTF8*$!
{
	archiveVersion = 1;
	classes = {
	};
	objectVersion = 50;
	objects = {

/* Begin PBXBuildFile section */
		84362DD725C8FE5E005FBE36 /* SettingView.swift in Sources */ = {isa = PBXBuildFile; fileRef = 84362DD625C8FE5E005FBE36 /* SettingView.swift */; };
		8493C90825C7A92D00A1F1B1 /* AppDelegate.swift in Sources */ = {isa = PBXBuildFile; fileRef = 8493C90725C7A92D00A1F1B1 /* AppDelegate.swift */; };
		8493C90A25C7A92D00A1F1B1 /* SceneDelegate.swift in Sources */ = {isa = PBXBuildFile; fileRef = 8493C90925C7A92D00A1F1B1 /* SceneDelegate.swift */; };
		8493C90C25C7A92D00A1F1B1 /* ContentView.swift in Sources */ = {isa = PBXBuildFile; fileRef = 8493C90B25C7A92D00A1F1B1 /* ContentView.swift */; };
		8493C90E25C7A93100A1F1B1 /* Assets.xcassets in Resources */ = {isa = PBXBuildFile; fileRef = 8493C90D25C7A93100A1F1B1 /* Assets.xcassets */; };
		8493C91125C7A93100A1F1B1 /* Preview Assets.xcassets in Resources */ = {isa = PBXBuildFile; fileRef = 8493C91025C7A93100A1F1B1 /* Preview Assets.xcassets */; };
		8493C91425C7A93100A1F1B1 /* LaunchScreen.storyboard in Resources */ = {isa = PBXBuildFile; fileRef = 8493C91225C7A93100A1F1B1 /* LaunchScreen.storyboard */; };
/* End PBXBuildFile section */

/* Begin PBXFileReference section */
		84362DD625C8FE5E005FBE36 /* SettingView.swift */ = {isa = PBXFileReference; lastKnownFileType = sourcecode.swift; path = SettingView.swift; sourceTree = "<group>"; };
		8493C90425C7A92D00A1F1B1 /* YoutubeUI.app */ = {isa = PBXFileReference; explicitFileType = wrapper.application; includeInIndex = 0; path = YoutubeUI.app; sourceTree = BUILT_PRODUCTS_DIR; };
		8493C90725C7A92D00A1F1B1 /* AppDelegate.swift */ = {isa = PBXFileReference; lastKnownFileType = sourcecode.swift; path = AppDelegate.swift; sourceTree = "<group>"; };
		8493C90925C7A92D00A1F1B1 /* SceneDelegate.swift */ = {isa = PBXFileReference; lastKnownFileType = sourcecode.swift; path = SceneDelegate.swift; sourceTree = "<group>"; };
		8493C90B25C7A92D00A1F1B1 /* ContentView.swift */ = {isa = PBXFileReference; lastKnownFileType = sourcecode.swift; path = ContentView.swift; sourceTree = "<group>"; };
		8493C90D25C7A93100A1F1B1 /* Assets.xcassets */ = {isa = PBXFileReference; lastKnownFileType = folder.assetcatalog; path = Assets.xcassets; sourceTree = "<group>"; };
		8493C91025C7A93100A1F1B1 /* Preview Assets.xcassets */ = {isa = PBXFileReference; lastKnownFileType = folder.assetcatalog; path = "Preview Assets.xcassets"; sourceTree = "<group>"; };
		8493C91325C7A93100A1F1B1 /* Base */ = {isa = PBXFileReference; lastKnownFileType = file.storyboard; name = Base; path = Base.lproj/LaunchScreen.storyboard; sourceTree = "<group>"; };
		8493C91525C7A93100A1F1B1 /* Info.plist */ = {isa = PBXFileReference; lastKnownFileType = text.plist.xml; path = Info.plist; sourceTree = "<group>"; };
/* End PBXFileReference section */

/* Begin PBXFrameworksBuildPhase section */
		8493C90125C7A92D00A1F1B1 /* Frameworks */ = {
			isa = PBXFrameworksBuildPhase;
			buildActionMask = 2147483647;
			files = (
			);
			runOnlyForDeploymentPostprocessing = 0;
		};
/* End PBXFrameworksBuildPhase section */

/* Begin PBXGroup section */
		8493C8FB25C7A92D00A1F1B1 = {
			isa = PBXGroup;
			children = (
				8493C90625C7A92D00A1F1B1 /* YoutubeUI */,
				8493C90525C7A92D00A1F1B1 /* Products */,
			);
			sourceTree = "<group>";
		};
		8493C90525C7A92D00A1F1B1 /* Products */ = {
			isa = PBXGroup;
			children = (
				8493C90425C7A92D00A1F1B1 /* YoutubeUI.app */,
			);
			name = Products;
			sourceTree = "<group>";
		};
		8493C90625C7A92D00A1F1B1 /* YoutubeUI */ = {
			isa = PBXGroup;
			children = (
				8493C90725C7A92D00A1F1B1 /* AppDelegate.swift */,
				8493C90925C7A92D00A1F1B1 /* SceneDelegate.swift */,
				8493C90B25C7A92D00A1F1B1 /* ContentView.swift */,
				8493C90D25C7A93100A1F1B1 /* Assets.xcassets */,
				8493C91225C7A93100A1F1B1 /* LaunchScreen.storyboard */,
				8493C91525C7A93100A1F1B1 /* Info.plist */,
				8493C90F25C7A93100A1F1B1 /* Preview Content */,
				84362DD625C8FE5E005FBE36 /* SettingView.swift */,
			);
			path = YoutubeUI;
			sourceTree = "<group>";
		};
		8493C90F25C7A93100A1F1B1 /* Preview Content */ = {
			isa = PBXGroup;
			children = (
				8493C91025C7A93100A1F1B1 /* Preview Assets.xcassets */,
			);
			path = "Preview Content";
			sourceTree = "<group>";
		};
/* End PBXGroup section */

/* Begin PBXNativeTarget section */
		8493C90325C7A92D00A1F1B1 /* YoutubeUI */ = {
			isa = PBXNativeTarget;
			buildConfigurationList = 8493C91825C7A93100A1F1B1 /* Build configuration list for PBXNativeTarget "YoutubeUI" */;
			buildPhases = (
				8493C90025C7A92D00A1F1B1 /* Sources */,
				8493C90125C7A92D00A1F1B1 /* Frameworks */,
				8493C90225C7A92D00A1F1B1 /* Resources */,
			);
			buildRules = (
			);
			dependencies = (
			);
			name = YoutubeUI;
			productName = YoutubeUI;
			productReference = 8493C90425C7A92D00A1F1B1 /* YoutubeUI.app */;
			productType = "com.apple.product-type.application";
		};
/* End PBXNativeTarget section */

/* Begin PBXProject section */
		8493C8FC25C7A92D00A1F1B1 /* Project object */ = {
			isa = PBXProject;
			attributes = {
				LastSwiftUpdateCheck = 1210;
				LastUpgradeCheck = 1210;
				TargetAttributes = {
					8493C90325C7A92D00A1F1B1 = {
						CreatedOnToolsVersion = 12.1;
					};
				};
			};
			buildConfigurationList = 8493C8FF25C7A92D00A1F1B1 /* Build configuration list for PBXProject "YoutubeUI" */;
			compatibilityVersion = "Xcode 9.3";
			developmentRegion = en;
			hasScannedForEncodings = 0;
			knownRegions = (
				en,
				Base,
			);
			mainGroup = 8493C8FB25C7A92D00A1F1B1;
			productRefGroup = 8493C90525C7A92D00A1F1B1 /* Products */;
			projectDirPath = "";
			projectRoot = "";
			targets = (
				8493C90325C7A92D00A1F1B1 /* YoutubeUI */,
			);
		};
/* End PBXProject section */

/* Begin PBXResourcesBuildPhase section */
		8493C90225C7A92D00A1F1B1 /* Resources */ = {
			isa = PBXResourcesBuildPhase;
			buildActionMask = 2147483647;
			files = (
				8493C91425C7A93100A1F1B1 /* LaunchScreen.storyboard in Resources */,
				8493C91125C7A93100A1F1B1 /* Preview Assets.xcassets in Resources */,
				8493C90E25C7A93100A1F1B1 /* Assets.xcassets in Resources */,
			);
			runOnlyForDeploymentPostprocessing = 0;
		};
/* End PBXResourcesBuildPhase section */

/* Begin PBXSourcesBuildPhase section */
		8493C90025C7A92D00A1F1B1 /* Sources */ = {
			isa = PBXSourcesBuildPhase;
			buildActionMask = 2147483647;
			files = (
				8493C90825C7A92D00A1F1B1 /* AppDelegate.swift in Sources */,
				84362DD725C8FE5E005FBE36 /* SettingView.swift in Sources */,
				8493C90A25C7A92D00A1F1B1 /* SceneDelegate.swift in Sources */,
				8493C90C25C7A92D00A1F1B1 /* ContentView.swift in Sources */,
			);
			runOnlyForDeploymentPostprocessing = 0;
		};
/* End PBXSourcesBuildPhase section */

/* Begin PBXVariantGroup section */
		8493C91225C7A93100A1F1B1 /* LaunchScreen.storyboard */ = {
			isa = PBXVariantGroup;
			children = (
				8493C91325C7A93100A1F1B1 /* Base */,
			);
			name = LaunchScreen.storyboard;
			sourceTree = "<group>";
		};
/* End PBXVariantGroup section */

/* Begin XCBuildConfiguration section */
		8493C91625C7A93100A1F1B1 /* Debug */ = {
			isa = XCBuildConfiguration;
			buildSettings = {
				ALWAYS_SEARCH_USER_PATHS = NO;
				CLANG_ANALYZER_NONNULL = YES;
				CLANG_ANALYZER_NUMBER_OBJECT_CONVERSION = YES_AGGRESSIVE;
				CLANG_CXX_LANGUAGE_STANDARD = "gnu++14";
				CLANG_CXX_LIBRARY = "libc++";
				CLANG_ENABLE_MODULES = YES;
				CLANG_ENABLE_OBJC_ARC = YES;
				CLANG_ENABLE_OBJC_WEAK = YES;
				CLANG_WARN_BLOCK_CAPTURE_AUTORELEASING = YES;
				CLANG_WARN_BOOL_CONVERSION = YES;
				CLANG_WARN_COMMA = YES;
				CLANG_WARN_CONSTANT_CONVERSION = YES;
				CLANG_WARN_DEPRECATED_OBJC_IMPLEMENTATIONS = YES;
				CLANG_WARN_DIRECT_OBJC_ISA_USAGE = YES_ERROR;
				CLANG_WARN_DOCUMENTATION_COMMENTS = YES;
				CLANG_WARN_EMPTY_BODY = YES;
				CLANG_WARN_ENUM_CONVERSION = YES;
				CLANG_WARN_INFINITE_RECURSION = YES;
				CLANG_WARN_INT_CONVERSION = YES;
				CLANG_WARN_NON_LITERAL_NULL_CONVERSION = YES;
				CLANG_WARN_OBJC_IMPLICIT_RETAIN_SELF = YES;
				CLANG_WARN_OBJC_LITERAL_CONVERSION = YES;
				CLANG_WARN_OBJC_ROOT_CLASS = YES_ERROR;
				CLANG_WARN_QUOTED_INCLUDE_IN_FRAMEWORK_HEADER = YES;
				CLANG_WARN_RANGE_LOOP_ANALYSIS = YES;
				CLANG_WARN_STRICT_PROTOTYPES = YES;
				CLANG_WARN_SUSPICIOUS_MOVE = YES;
				CLANG_WARN_UNGUARDED_AVAILABILITY = YES_AGGRESSIVE;
				CLANG_WARN_UNREACHABLE_CODE = YES;
				CLANG_WARN__DUPLICATE_METHOD_MATCH = YES;
				COPY_PHASE_STRIP = NO;
				DEBUG_INFORMATION_FORMAT = dwarf;
				ENABLE_STRICT_OBJC_MSGSEND = YES;
				ENABLE_TESTABILITY = YES;
				GCC_C_LANGUAGE_STANDARD = gnu11;
				GCC_DYNAMIC_NO_PIC = NO;
				GCC_NO_COMMON_BLOCKS = YES;
				GCC_OPTIMIZATION_LEVEL = 0;
				GCC_PREPROCESSOR_DEFINITIONS = (
					"DEBUG=1",
					"$(inherited)",
				);
				GCC_WARN_64_TO_32_BIT_CONVERSION = YES;
				GCC_WARN_ABOUT_RETURN_TYPE = YES_ERROR;
				GCC_WARN_UNDECLARED_SELECTOR = YES;
				GCC_WARN_UNINITIALIZED_AUTOS = YES_AGGRESSIVE;
				GCC_WARN_UNUSED_FUNCTION = YES;
				GCC_WARN_UNUSED_VARIABLE = YES;
				IPHONEOS_DEPLOYMENT_TARGET = 14.1;
				MTL_ENABLE_DEBUG_INFO = INCLUDE_SOURCE;
				MTL_FAST_MATH = YES;
				ONLY_ACTIVE_ARCH = YES;
				SDKROOT = iphoneos;
				SWIFT_ACTIVE_COMPILATION_CONDITIONS = DEBUG;
				SWIFT_OPTIMIZATION_LEVEL = "-Onone";
			};
			name = Debug;
		};
		8493C91725C7A93100A1F1B1 /* Release */ = {
			isa = XCBuildConfiguration;
			buildSettings = {
				ALWAYS_SEARCH_USER_PATHS = NO;
				CLANG_ANALYZER_NONNULL = YES;
				CLANG_ANALYZER_NUMBER_OBJECT_CONVERSION = YES_AGGRESSIVE;
				CLANG_CXX_LANGUAGE_STANDARD = "gnu++14";
				CLANG_CXX_LIBRARY = "libc++";
				CLANG_ENABLE_MODULES = YES;
				CLANG_ENABLE_OBJC_ARC = YES;
				CLANG_ENABLE_OBJC_WEAK = YES;
				CLANG_WARN_BLOCK_CAPTURE_AUTORELEASING = YES;
				CLANG_WARN_BOOL_CONVERSION = YES;
				CLANG_WARN_COMMA = YES;
				CLANG_WARN_CONSTANT_CONVERSION = YES;
				CLANG_WARN_DEPRECATED_OBJC_IMPLEMENTATIONS = YES;
				CLANG_WARN_DIRECT_OBJC_ISA_USAGE = YES_ERROR;
				CLANG_WARN_DOCUMENTATION_COMMENTS = YES;
				CLANG_WARN_EMPTY_BODY = YES;
				CLANG_WARN_ENUM_CONVERSION = YES;
				CLANG_WARN_INFINITE_RECURSION = YES;
				CLANG_WARN_INT_CONVERSION = YES;
				CLANG_WARN_NON_LITERAL_NULL_CONVERSION = YES;
				CLANG_WARN_OBJC_IMPLICIT_RETAIN_SELF = YES;
				CLANG_WARN_OBJC_LITERAL_CONVERSION = YES;
				CLANG_WARN_OBJC_ROOT_CLASS = YES_ERROR;
				CLANG_WARN_QUOTED_INCLUDE_IN_FRAMEWORK_HEADER = YES;
				CLANG_WARN_RANGE_LOOP_ANALYSIS = YES;
				CLANG_WARN_STRICT_PROTOTYPES = YES;
				CLANG_WARN_SUSPICIOUS_MOVE = YES;
				CLANG_WARN_UNGUARDED_AVAILABILITY = YES_AGGRESSIVE;
				CLANG_WARN_UNREACHABLE_CODE = YES;
				CLANG_WARN__DUPLICATE_METHOD_MATCH = YES;
				COPY_PHASE_STRIP = NO;
				DEBUG_INFORMATION_FORMAT = "dwarf-with-dsym";
				ENABLE_NS_ASSERTIONS = NO;
				ENABLE_STRICT_OBJC_MSGSEND = YES;
				GCC_C_LANGUAGE_STANDARD = gnu11;
				GCC_NO_COMMON_BLOCKS = YES;
				GCC_WARN_64_TO_32_BIT_CONVERSION = YES;
				GCC_WARN_ABOUT_RETURN_TYPE = YES_ERROR;
				GCC_WARN_UNDECLARED_SELECTOR = YES;
				GCC_WARN_UNINITIALIZED_AUTOS = YES_AGGRESSIVE;
				GCC_WARN_UNUSED_FUNCTION = YES;
				GCC_WARN_UNUSED_VARIABLE = YES;
				IPHONEOS_DEPLOYMENT_TARGET = 14.1;
				MTL_ENABLE_DEBUG_INFO = NO;
				MTL_FAST_MATH = YES;
				SDKROOT = iphoneos;
				SWIFT_COMPILATION_MODE = wholemodule;
				SWIFT_OPTIMIZATION_LEVEL = "-O";
				VALIDATE_PRODUCT = YES;
			};
			name = Release;
		};
		8493C91925C7A93100A1F1B1 /* Debug */ = {
			isa = XCBuildConfiguration;
			buildSettings = {
				ASSETCATALOG_COMPILER_APPICON_NAME = AppIcon;
				ASSETCATALOG_COMPILER_GLOBAL_ACCENT_COLOR_NAME = AccentColor;
				CODE_SIGN_STYLE = Automatic;
				DEVELOPMENT_ASSET_PATHS = "\"YoutubeUI/Preview Content\"";
				DEVELOPMENT_TEAM = 8MSD7WS2CG;
				ENABLE_PREVIEWS = YES;
				INFOPLIST_FILE = YoutubeUI/Info.plist;
				LD_RUNPATH_SEARCH_PATHS = (
					"$(inherited)",
					"@executable_path/Frameworks",
				);
				PRODUCT_BUNDLE_IDENTIFIER = com.dzia.YoutubeUI;
				PRODUCT_NAME = "$(TARGET_NAME)";
				SWIFT_VERSION = 5.0;
				TARGETED_DEVICE_FAMILY = "1,2";
			};
			name = Debug;
		};
		8493C91A25C7A93100A1F1B1 /* Release */ = {
			isa = XCBuildConfiguration;
			buildSettings = {
				ASSETCATALOG_COMPILER_APPICON_NAME = AppIcon;
				ASSETCATALOG_COMPILER_GLOBAL_ACCENT_COLOR_NAME = AccentColor;
				CODE_SIGN_STYLE = Automatic;
				DEVELOPMENT_ASSET_PATHS = "\"YoutubeUI/Preview Content\"";
				DEVELOPMENT_TEAM = 8MSD7WS2CG;
				ENABLE_PREVIEWS = YES;
				INFOPLIST_FILE = YoutubeUI/Info.plist;
				LD_RUNPATH_SEARCH_PATHS = (
					"$(inherited)",
					"@executable_path/Frameworks",
				);
				PRODUCT_BUNDLE_IDENTIFIER = com.dzia.YoutubeUI;
				PRODUCT_NAME = "$(TARGET_NAME)";
				SWIFT_VERSION = 5.0;
				TARGETED_DEVICE_FAMILY = "1,2";
			};
			name = Release;
		};
/* End XCBuildConfiguration section */

/* Begin XCConfigurationList section */
		8493C8FF25C7A92D00A1F1B1 /* Build configuration list for PBXProject "YoutubeUI" */ = {
			isa = XCConfigurationList;
			buildConfigurations = (
				8493C91625C7A93100A1F1B1 /* Debug */,
				8493C91725C7A93100A1F1B1 /* Release */,
			);
			defaultConfigurationIsVisible = 0;
			defaultConfigurationName = Release;
		};
		8493C91825C7A93100A1F1B1 /* Build configuration list for PBXNativeTarget "YoutubeUI" */ = {
			isa = XCConfigurationList;
			buildConfigurations = (
				8493C91925C7A93100A1F1B1 /* Debug */,
				8493C91A25C7A93100A1F1B1 /* Release */,
			);
			defaultConfigurationIsVisible = 0;
			defaultConfigurationName = Release;
		};
/* End XCConfigurationList section */
	};
	rootObject = 8493C8FC25C7A92D00A1F1B1 /* Project object */;
}
